<?xml version="1.0" encoding="utf-8"?>
<Project ToolsVersion="4.0" xmlns="http://schemas.microsoft.com/developer/msbuild/2003">
  <ItemGroup>
    <Filter Include="Arquivos de Origem">
      <UniqueIdentifier>{c5fdb04e-a89c-4ab0-a1e1-1b1622659edd}</UniqueIdentifier>
    </Filter>
    <Filter Include="fds">
      <UniqueIdentifier>{772149a3-255a-459d-b504-60e90bd0cb89}</UniqueIdentifier>
    </Filter>
  </ItemGroup>
  <ItemGroup>
    <Font Include="upheavtt.ttf">
      <Filter>fds</Filter>
    </Font>
    <Font Include="arial.ttf">
      <Filter>fds</Filter>
    </Font>
  </ItemGroup>
  <ItemGroup>
    <Image Include="teste.png">
      <Filter>fds</Filter>
    </Image>
    <Image Include="teiaaranha.png">
      <Filter>fds</Filter>
    </Image>
    <Image Include="plataforma.png">
      <Filter>fds</Filter>
    </Image>
    <Image Include="boss.png">
      <Filter>fds</Filter>
    </Image>
    <Image Include="espinho.png">
      <Filter>fds</Filter>
    </Image>
    <Image Include="fundo.png">
      <Filter>fds</Filter>
    </Image>
    <Image Include="j1.png">
      <Filter>fds</Filter>
    </Image>
    <Image Include="j2.png">
      <Filter>fds</Filter>
    </Image>
    <Image Include="inimigopequeno.png">
      <Filter>fds</Filter>
    </Image>
    <Image Include="inimigoalto.png">
      <Filter>fds</Filter>
    </Image>
    <Image Include="fundomenu.png">
      <Filter>fds</Filter>
    </Image>
    <Image Include="fundo1.jfif">
      <Filter>fds</Filter>
    </Image>
    <Image Include="fundo2.jpg">
      <Filter>fds</Filter>
    </Image>
    <Image Include="fundoazul.png">
      <Filter>fds</Filter>
    </Image>
    <Image Include="fundovermelho.png">
      <Filter>fds</Filter>
    </Image>
    <Image Include="fundoroxo.png">
      <Filter>fds</Filter>
    </Image>
    <Image Include="projetil.png">
      <Filter>fds</Filter>
    </Image>
  </ItemGroup>
  <ItemGroup>
    <ClCompile Include="Chefao.cpp">
      <Filter>Arquivos de Origem</Filter>
    </ClCompile>
    <ClCompile Include="Ente.cpp">
      <Filter>Arquivos de Origem</Filter>
    </ClCompile>
    <ClCompile Include="Entidade.cpp">
      <Filter>Arquivos de Origem</Filter>
    </ClCompile>
    <ClCompile Include="Espinho.cpp">
      <Filter>Arquivos de Origem</Filter>
    </ClCompile>
    <ClCompile Include="Fase.cpp">
      <Filter>Arquivos de Origem</Filter>
    </ClCompile>
    <ClCompile Include="Fase1.cpp">
      <Filter>Arquivos de Origem</Filter>
    </ClCompile>
    <ClCompile Include="Fase2.cpp">
      <Filter>Arquivos de Origem</Filter>
    </ClCompile>
    <ClCompile Include="Gerenciador_Colisoes.cpp">
      <Filter>Arquivos de Origem</Filter>
    </ClCompile>
    <ClCompile Include="Gerenciador_Grafico.cpp">
      <Filter>Arquivos de Origem</Filter>
    </ClCompile>
    <ClCompile Include="Inimigo.cpp">
      <Filter>Arquivos de Origem</Filter>
    </ClCompile>
    <ClCompile Include="InimigoAlto.cpp">
      <Filter>Arquivos de Origem</Filter>
    </ClCompile>
    <ClCompile Include="InimigoPequeno.cpp">
      <Filter>Arquivos de Origem</Filter>
    </ClCompile>
    <ClCompile Include="Jogador.cpp">
      <Filter>Arquivos de Origem</Filter>
    </ClCompile>
    <ClCompile Include="Jogo.cpp">
      <Filter>Arquivos de Origem</Filter>
    </ClCompile>
    <ClCompile Include="ListaEntidades.cpp">
      <Filter>Arquivos de Origem</Filter>
    </ClCompile>
    <ClCompile Include="main.cpp">
      <Filter>Arquivos de Origem</Filter>
    </ClCompile>
    <ClCompile Include="MenuBase.cpp">
      <Filter>Arquivos de Origem</Filter>
    </ClCompile>
    <ClCompile Include="MenuInicial.cpp">
      <Filter>Arquivos de Origem</Filter>
    </ClCompile>
    <ClCompile Include="MenuLeaderboard.cpp">
      <Filter>Arquivos de Origem</Filter>
    </ClCompile>
    <ClCompile Include="MenuPause.cpp">
      <Filter>Arquivos de Origem</Filter>
    </ClCompile>
    <ClCompile Include="Obstaculo.cpp">
      <Filter>Arquivos de Origem</Filter>
    </ClCompile>
    <ClCompile Include="Personagem.cpp">
      <Filter>Arquivos de Origem</Filter>
    </ClCompile>
    <ClCompile Include="Plataforma.cpp">
      <Filter>Arquivos de Origem</Filter>
    </ClCompile>
    <ClCompile Include="Projetil.cpp">
      <Filter>Arquivos de Origem</Filter>
    </ClCompile>
    <ClCompile Include="TeiaAranha.cpp">
      <Filter>Arquivos de Origem</Filter>
    </ClCompile>
  </ItemGroup>
  <ItemGroup>
    <ClInclude Include="Chefao.h">
      <Filter>Arquivos de Origem</Filter>
    </ClInclude>
    <ClInclude Include="Ente.h">
      <Filter>Arquivos de Origem</Filter>
    </ClInclude>
    <ClInclude Include="Entidade.h">
      <Filter>Arquivos de Origem</Filter>
    </ClInclude>
    <ClInclude Include="Espinho.h">
      <Filter>Arquivos de Origem</Filter>
    </ClInclude>
    <ClInclude Include="Fase.h">
      <Filter>Arquivos de Origem</Filter>
    </ClInclude>
    <ClInclude Include="Fase1.h">
      <Filter>Arquivos de Origem</Filter>
    </ClInclude>
    <ClInclude Include="Fase2.h">
      <Filter>Arquivos de Origem</Filter>
    </ClInclude>
    <ClInclude Include="Gerenciador_Colisoes.h">
      <Filter>Arquivos de Origem</Filter>
    </ClInclude>
    <ClInclude Include="Gerenciador_Grafico.h">
      <Filter>Arquivos de Origem</Filter>
    </ClInclude>
    <ClInclude Include="Inimigo.h">
      <Filter>Arquivos de Origem</Filter>
    </ClInclude>
    <ClInclude Include="InimigoAlto.h">
      <Filter>Arquivos de Origem</Filter>
    </ClInclude>
    <ClInclude Include="InimigoPequeno.h">
      <Filter>Arquivos de Origem</Filter>
    </ClInclude>
    <ClInclude Include="Jogador.h">
      <Filter>Arquivos de Origem</Filter>
    </ClInclude>
    <ClInclude Include="Jogo.h">
      <Filter>Arquivos de Origem</Filter>
    </ClInclude>
    <ClInclude Include="Lista.h">
      <Filter>Arquivos de Origem</Filter>
    </ClInclude>
    <ClInclude Include="ListaEntidades.h">
      <Filter>Arquivos de Origem</Filter>
    </ClInclude>
    <ClInclude Include="MenuBase.h">
      <Filter>Arquivos de Origem</Filter>
    </ClInclude>
    <ClInclude Include="MenuInicial.h">
      <Filter>Arquivos de Origem</Filter>
    </ClInclude>
    <ClInclude Include="MenuLeaderboard.h">
      <Filter>Arquivos de Origem</Filter>
    </ClInclude>
    <ClInclude Include="MenuPause.h">
      <Filter>Arquivos de Origem</Filter>
    </ClInclude>
    <ClInclude Include="Obstaculo.h">
      <Filter>Arquivos de Origem</Filter>
    </ClInclude>
    <ClInclude Include="Personagem.h">
      <Filter>Arquivos de Origem</Filter>
    </ClInclude>
    <ClInclude Include="Plataforma.h">
      <Filter>Arquivos de Origem</Filter>
    </ClInclude>
    <ClInclude Include="Projetil.h">
      <Filter>Arquivos de Origem</Filter>
    </ClInclude>
    <ClInclude Include="stdafx.h">
      <Filter>Arquivos de Origem</Filter>
    </ClInclude>
    <ClInclude Include="TeiaAranha.h">
      <Filter>Arquivos de Origem</Filter>
    </ClInclude>
    <ClInclude Include="json.hpp">
      <Filter>fds</Filter>
    </ClInclude>
  </ItemGroup>
  <ItemGroup>
    <None Include="save.json">
      <Filter>fds</Filter>
    </None>
    <None Include="mapa2.json">
      <Filter>fds</Filter>
    </None>
    <None Include="leaderboard.json">
      <Filter>fds</Filter>
    </None>
    <None Include="mapa1.json">
      <Filter>fds</Filter>
    </None>
  </ItemGroup>
</Project>